{
  "version": 4,
  "terraform_version": "1.1.6",
  "serial": 132,
  "lineage": "b3d2141d-5f26-e0a9-3963-d34ade9f6ab6",
  "outputs": {
    "controlplane_ips": {
      "value": "159.65.202.187",
      "type": "string"
    },
    "k8s_nodes_1": {
      "value": "159.65.194.33",
      "type": "string"
    },
    "k8s_nodes_2": {
      "value": "159.65.192.113",
      "type": "string"
    },
    "ssh_keys": {
      "value": [
        33323644,
        33317186
      ],
      "type": [
        "list",
        "number"
      ]
    }
  },
  "resources": [
    {
      "mode": "data",
      "type": "digitalocean_image",
      "name": "image_name",
      "provider": "provider[\"registry.terraform.io/digitalocean/digitalocean\"]",
      "instances": [
        {
          "schema_version": 0,
          "attributes": {
            "created": "2022-02-01T20:20:32Z",
            "description": "Ubuntu 18.04 x86 image",
            "distribution": "Ubuntu",
            "error_message": "",
            "id": 101121241,
            "image": "101121241",
            "min_disk_size": 15,
            "name": "18.04 (LTS) x64",
            "private": false,
            "regions": [
              "ams2",
              "ams3",
              "blr1",
              "fra1",
              "lon1",
              "nyc1",
              "nyc2",
              "nyc3",
              "sfo1",
              "sfo2",
              "sfo3",
              "sgp1",
              "tor1"
            ],
            "size_gigabytes": 0.41,
            "slug": "ubuntu-18-04-x64",
            "source": "user",
            "status": "available",
            "tags": [],
            "type": "snapshot"
          },
          "sensitive_attributes": []
        }
      ]
    },
    {
      "mode": "data",
      "type": "digitalocean_sizes",
      "name": "cp_size",
      "provider": "provider[\"registry.terraform.io/digitalocean/digitalocean\"]",
      "instances": [
        {
          "schema_version": 0,
          "attributes": {
            "filter": [
              {
                "all": false,
                "key": "regions",
                "match_by": "exact",
                "values": [
                  "ams3"
                ]
              },
              {
                "all": false,
                "key": "vcpus",
                "match_by": "exact",
                "values": [
                  "2",
                  "2"
                ]
              }
            ],
            "id": "sizes/4433958488587634928",
            "sizes": [
              {
                "available": true,
                "disk": 60,
                "memory": 2048,
                "price_hourly": 0.02232,
                "price_monthly": 15,
                "regions": [
                  "ams3",
                  "blr1",
                  "fra1",
                  "lon1",
                  "nyc1",
                  "nyc3",
                  "sfo3",
                  "sgp1",
                  "tor1"
                ],
                "slug": "s-2vcpu-2gb",
                "transfer": 3,
                "vcpus": 2
              },
              {
                "available": true,
                "disk": 60,
                "memory": 2048,
                "price_hourly": 0.02679,
                "price_monthly": 18,
                "regions": [
                  "ams3",
                  "blr1",
                  "fra1",
                  "lon1",
                  "nyc1",
                  "nyc3",
                  "sfo3",
                  "sgp1",
                  "tor1"
                ],
                "slug": "s-2vcpu-2gb-intel",
                "transfer": 3,
                "vcpus": 2
              },
              {
                "available": true,
                "disk": 60,
                "memory": 2048,
                "price_hourly": 0.02679,
                "price_monthly": 18,
                "regions": [
                  "ams3",
                  "blr1",
                  "fra1",
                  "lon1",
                  "nyc1",
                  "nyc3",
                  "sfo3",
                  "sgp1",
                  "tor1"
                ],
                "slug": "s-2vcpu-2gb-amd",
                "transfer": 3,
                "vcpus": 2
              },
              {
                "available": true,
                "disk": 80,
                "memory": 4096,
                "price_hourly": 0.02976,
                "price_monthly": 20,
                "regions": [
                  "ams3",
                  "blr1",
                  "fra1",
                  "lon1",
                  "nyc1",
                  "nyc3",
                  "sfo3",
                  "sgp1",
                  "tor1"
                ],
                "slug": "s-2vcpu-4gb",
                "transfer": 4,
                "vcpus": 2
              },
              {
                "available": true,
                "disk": 80,
                "memory": 4096,
                "price_hourly": 0.03571,
                "price_monthly": 24,
                "regions": [
                  "ams3",
                  "blr1",
                  "fra1",
                  "lon1",
                  "nyc1",
                  "nyc3",
                  "sfo3",
                  "sgp1",
                  "tor1"
                ],
                "slug": "s-2vcpu-4gb-intel",
                "transfer": 4,
                "vcpus": 2
              },
              {
                "available": true,
                "disk": 80,
                "memory": 4096,
                "price_hourly": 0.03571,
                "price_monthly": 24,
                "regions": [
                  "ams3",
                  "blr1",
                  "fra1",
                  "lon1",
                  "nyc1",
                  "nyc3",
                  "sfo3",
                  "sgp1",
                  "tor1"
                ],
                "slug": "s-2vcpu-4gb-amd",
                "transfer": 4,
                "vcpus": 2
              },
              {
                "available": true,
                "disk": 25,
                "memory": 4096,
                "price_hourly": 0.05952,
                "price_monthly": 40,
                "regions": [
                  "ams3",
                  "blr1",
                  "fra1",
                  "lon1",
                  "nyc1",
                  "nyc3",
                  "sfo3",
                  "sgp1",
                  "tor1"
                ],
                "slug": "c-2",
                "transfer": 4,
                "vcpus": 2
              },
              {
                "available": true,
                "disk": 25,
                "memory": 8192,
                "price_hourly": 0.08929,
                "price_monthly": 60,
                "regions": [
                  "ams3",
                  "blr1",
                  "fra1",
                  "lon1",
                  "nyc1",
                  "nyc3",
                  "sfo3",
                  "sgp1",
                  "tor1"
                ],
                "slug": "g-2vcpu-8gb",
                "transfer": 4,
                "vcpus": 2
              },
              {
                "available": true,
                "disk": 50,
                "memory": 8192,
                "price_hourly": 0.09673,
                "price_monthly": 65,
                "regions": [
                  "ams3",
                  "blr1",
                  "fra1",
                  "lon1",
                  "nyc1",
                  "nyc3",
                  "sfo3",
                  "sgp1",
                  "tor1"
                ],
                "slug": "gd-2vcpu-8gb",
                "transfer": 4,
                "vcpus": 2
              },
              {
                "available": true,
                "disk": 50,
                "memory": 16384,
                "price_hourly": 0.11905,
                "price_monthly": 80,
                "regions": [
                  "ams3",
                  "blr1",
                  "fra1",
                  "lon1",
                  "nyc1",
                  "nyc3",
                  "sfo3",
                  "sgp1",
                  "tor1"
                ],
                "slug": "m-2vcpu-16gb",
                "transfer": 4,
                "vcpus": 2
              }
            ],
            "sort": [
              {
                "direction": "asc",
                "key": "price_monthly"
              }
            ]
          },
          "sensitive_attributes": []
        }
      ]
    },
    {
      "mode": "data",
      "type": "digitalocean_sizes",
      "name": "size",
      "provider": "provider[\"registry.terraform.io/digitalocean/digitalocean\"]",
      "instances": [
        {
          "schema_version": 0,
          "attributes": {
            "filter": [
              {
                "all": false,
                "key": "regions",
                "match_by": "exact",
                "values": [
                  "ams3"
                ]
              },
              {
                "all": false,
                "key": "vcpus",
                "match_by": "exact",
                "values": [
                  "4",
                  "4"
                ]
              }
            ],
            "id": "sizes/4433958488587634928",
            "sizes": [
              {
                "available": true,
                "disk": 160,
                "memory": 8192,
                "price_hourly": 0.05952,
                "price_monthly": 40,
                "regions": [
                  "ams3",
                  "blr1",
                  "fra1",
                  "lon1",
                  "nyc1",
                  "nyc3",
                  "sfo3",
                  "sgp1",
                  "tor1"
                ],
                "slug": "s-4vcpu-8gb",
                "transfer": 5,
                "vcpus": 4
              },
              {
                "available": true,
                "disk": 160,
                "memory": 8192,
                "price_hourly": 0.07143,
                "price_monthly": 48,
                "regions": [
                  "ams3",
                  "blr1",
                  "fra1",
                  "lon1",
                  "nyc1",
                  "nyc3",
                  "sfo3",
                  "sgp1",
                  "tor1"
                ],
                "slug": "s-4vcpu-8gb-intel",
                "transfer": 5,
                "vcpus": 4
              },
              {
                "available": true,
                "disk": 160,
                "memory": 8192,
                "price_hourly": 0.07143,
                "price_monthly": 48,
                "regions": [
                  "ams3",
                  "blr1",
                  "fra1",
                  "lon1",
                  "nyc1",
                  "nyc3",
                  "sfo3",
                  "sgp1",
                  "tor1"
                ],
                "slug": "s-4vcpu-8gb-amd",
                "transfer": 5,
                "vcpus": 4
              },
              {
                "available": true,
                "disk": 50,
                "memory": 8192,
                "price_hourly": 0.11905,
                "price_monthly": 80,
                "regions": [
                  "ams3",
                  "blr1",
                  "fra1",
                  "lon1",
                  "nyc1",
                  "nyc3",
                  "sfo3",
                  "sgp1",
                  "tor1"
                ],
                "slug": "c-4",
                "transfer": 5,
                "vcpus": 4
              }
            ],
            "sort": [
              {
                "direction": "asc",
                "key": "price_monthly"
              }
            ]
          },
          "sensitive_attributes": []
        }
      ]
    },
    {
      "mode": "data",
      "type": "digitalocean_ssh_keys",
      "name": "mykeys",
      "provider": "provider[\"registry.terraform.io/digitalocean/digitalocean\"]",
      "instances": [
        {
          "schema_version": 0,
          "attributes": {
            "filter": null,
            "id": "ssh_keys/5097848028372951275",
            "sort": [
              {
                "direction": "asc",
                "key": "name"
              }
            ],
            "ssh_keys": [
              {
                "fingerprint": "0b:e3:3c:7e:86:25:c4:a4:b3:9b:8b:47:7a:98:65:46",
                "id": 33323644,
                "name": "macbook-12",
                "public_key": "ssh-rsa AAAAB3NzaC1yc2EAAAADAQABAAABgQCvB+eTWIz+MMWDlpogcmJpSnv5AknWXtqZvaodLRAQeF5vAYgNjXzfZRPI1sXht9+ZAEvERiRR/Pqi2KwzFQvJ9YMVN7nWkWSoVwsXkP/sZop3ZaIi09Z7bkEdjsUjzfIXCXoZqElgX8yFtUPQvqNuTMSXFtgFRlUXOhTBHBtBw+CE7Z9aAcINnzUmV7GEFj1dMJwth519QOY8rmvMGvmHN/EhAtqP2rv2CbVEf5Gtpf3kCZVcz1bdEICMfOT0vJsfZsrlUAnyiJQH8nbxQCbdkdjmcS1R1wqsIGWKU7JHNVEiqpxhpREeIACgG2x+YZoqQqX3YpY9IGNGp6dqiL3+B4/QHX/wa2ZtT54kgu0hUySmPelny7lyCS+p9jjipdx6+0OAZ1SoxzEoG/HGzoGPFpSKGOO3UpE0tPgDMkjXT2NPgXUd+NPXr+G0vUoqA8xRBj1c0IEQQUahpJUS5OIOhOrmGIBjD9jClwBTss/ATOea8rllF3ohZVF+KOEaGsE= ricardolopes@MacBooknRicardo.home"
              },
              {
                "fingerprint": "dc:4c:12:e5:8a:24:06:0e:96:5c:0e:1b:26:f1:1c:b0",
                "id": 33317186,
                "name": "mambu-laptop",
                "public_key": "ssh-rsa AAAAB3NzaC1yc2EAAAADAQABAAABgQC7gBt/GOXO2dBI9vCJ6PM1Fy9+ART5sX5zTkxvp51PCxLGkECLOh0V7edAeSqtQX7/7SPtroX1Q6cfQjHwL6QjNI/RzymPxqW/EuL+NiYRYCU7+jrzKH6ZlB34mLy3PbUiTOg6setyjKZgXpeDVKfkoRVuQx1CGMTHKw80n5M/+7+PpnA/P2BbplsZHMAba6YjpXfazCszkXyCZ0NAL62kFPv1cvQQGk35EYCC4Z/tnx08NwqQeTodBLSOq5TY2Pu8rB5F1rlSGnE949MCJaQzczb0dc45gEEAlsaImB30f9r1wkz3/WXpl0GDEaj6UIi73i14KPG69lvMycXpkS3X2yYNddR68TVpp9JuPTlltoyzHCZA3cCJLnR/uwkwkOLD430LAHMktqccFH5u93Azd3WQaptnGtnhDxVRkWa9HLVEJ5m47KFMgMs+qHOx86Ad/2GreWekxUXVNqC6MC1sNY0Ajv8d9ozJx5HBsyhBnohMk4yrNCqlHohQAeTOp8U= ricardo.silva@mambu.com"
              }
            ]
          },
          "sensitive_attributes": []
        }
      ]
    },
    {
      "mode": "managed",
      "type": "digitalocean_droplet",
      "name": "k8s_controlplane",
      "provider": "provider[\"registry.terraform.io/digitalocean/digitalocean\"]",
      "instances": [
        {
          "schema_version": 1,
          "attributes": {
            "backups": false,
            "created_at": "2022-02-26T08:43:27Z",
            "disk": 60,
            "droplet_agent": null,
            "graceful_shutdown": false,
            "id": "288374502",
            "image": "101121241",
            "ipv4_address": "159.65.202.187",
            "ipv4_address_private": "10.133.0.4",
            "ipv6": false,
            "ipv6_address": "",
            "locked": false,
            "memory": 2048,
            "monitoring": false,
            "name": "controlplane",
            "price_hourly": 0.02232,
            "price_monthly": 15,
            "private_networking": true,
            "region": "ams3",
            "resize_disk": true,
            "size": "s-2vcpu-2gb",
            "ssh_keys": [
              "33323644"
            ],
            "status": "active",
            "tags": [],
            "urn": "do:droplet:288374502",
            "user_data": null,
            "vcpus": 2,
            "volume_ids": [],
            "vpc_uuid": "1463585e-be8d-430d-9e83-bb3dab2fc3c8"
          },
          "sensitive_attributes": [],
          "private": "eyJzY2hlbWFfdmVyc2lvbiI6IjEifQ==",
          "dependencies": [
            "data.digitalocean_image.image_name",
            "data.digitalocean_sizes.cp_size",
            "data.digitalocean_ssh_keys.mykeys"
          ]
        }
      ]
    },
    {
      "mode": "managed",
      "type": "digitalocean_droplet",
      "name": "k8s_nodes",
      "provider": "provider[\"registry.terraform.io/digitalocean/digitalocean\"]",
      "instances": [
        {
          "index_key": 0,
          "schema_version": 1,
          "attributes": {
            "backups": false,
            "created_at": "2022-02-26T08:43:27Z",
            "disk": 160,
            "droplet_agent": null,
            "graceful_shutdown": false,
            "id": "288374499",
            "image": "101121241",
            "ipv4_address": "159.65.194.33",
            "ipv4_address_private": "10.133.0.3",
            "ipv6": false,
            "ipv6_address": "",
            "locked": false,
            "memory": 8192,
            "monitoring": false,
            "name": "node-0",
            "price_hourly": 0.05952,
            "price_monthly": 40,
            "private_networking": true,
            "region": "ams3",
            "resize_disk": true,
            "size": "s-4vcpu-8gb",
            "ssh_keys": [
              "33323644"
            ],
            "status": "active",
            "tags": [],
            "urn": "do:droplet:288374499",
            "user_data": null,
            "vcpus": 4,
            "volume_ids": [],
            "vpc_uuid": "1463585e-be8d-430d-9e83-bb3dab2fc3c8"
          },
          "sensitive_attributes": [],
          "private": "eyJzY2hlbWFfdmVyc2lvbiI6IjEifQ==",
          "dependencies": [
            "data.digitalocean_image.image_name",
            "data.digitalocean_sizes.size",
            "data.digitalocean_ssh_keys.mykeys"
          ]
        },
        {
          "index_key": 1,
          "schema_version": 1,
          "attributes": {
            "backups": false,
            "created_at": "2022-02-26T08:43:27Z",
            "disk": 160,
            "droplet_agent": null,
            "graceful_shutdown": false,
            "id": "288374500",
            "image": "101121241",
            "ipv4_address": "159.65.192.113",
            "ipv4_address_private": "10.133.0.2",
            "ipv6": false,
            "ipv6_address": "",
            "locked": false,
            "memory": 8192,
            "monitoring": false,
            "name": "node-1",
            "price_hourly": 0.05952,
            "price_monthly": 40,
            "private_networking": true,
            "region": "ams3",
            "resize_disk": true,
            "size": "s-4vcpu-8gb",
            "ssh_keys": [
              "33323644"
            ],
            "status": "active",
            "tags": [],
            "urn": "do:droplet:288374500",
            "user_data": null,
            "vcpus": 4,
            "volume_ids": [],
            "vpc_uuid": "1463585e-be8d-430d-9e83-bb3dab2fc3c8"
          },
          "sensitive_attributes": [],
          "private": "eyJzY2hlbWFfdmVyc2lvbiI6IjEifQ==",
          "dependencies": [
            "data.digitalocean_image.image_name",
            "data.digitalocean_sizes.size",
            "data.digitalocean_ssh_keys.mykeys"
          ]
        }
      ]
    }
  ]
}
